
Microsoft Visual Studio Solution File, Format Version 12.00
# Visual Studio Version 17
VisualStudioVersion = 17.4.33403.182
MinimumVisualStudioVersion = 10.0.40219.1
Project("{FAE04EC0-301F-11D3-BF4B-00C04F79EFBC}") = "Project02", "Project02.csproj", "{34408AC1-C728-4FB2-A941-4431F5A2C458}"
EndProject
Global
	GlobalSection(SolutionConfigurationPlatforms) = preSolution
		Debug|Any CPU = Debug|Any CPU
		Release|Any CPU = Release|Any CPU
	EndGlobalSection
	GlobalSection(ProjectConfigurationPlatforms) = postSolution
		{34408AC1-C728-4FB2-A941-4431F5A2C458}.Debug|Any CPU.ActiveCfg = Debug|Any CPU
		{34408AC1-C728-4FB2-A941-4431F5A2C458}.Debug|Any CPU.Build.0 = Debug|Any CPU
		{34408AC1-C728-4FB2-A941-4431F5A2C458}.Release|Any CPU.ActiveCfg = Release|Any CPU
		{34408AC1-C728-4FB2-A941-4431F5A2C458}.Release|Any CPU.Build.0 = Release|Any CPU
	EndGlobalSection
	GlobalSection(SolutionProperties) = preSolution
		HideSolutionNode = FALSE
	EndGlobalSection
	GlobalSection(ExtensibilityGlobals) = postSolution
		SolutionGuid = {03D7D845-5B69-4D35-9E23-1007217695BE}
	EndGlobalSection
EndGlobal
